{
  "name": "apikeygen",
  "version": "1.0.0",
  "lockfileVersion": 2,
  "requires": true,
  "packages": {
    "": {
      "name": "apikeygen",
      "version": "1.0.0",
      "license": "ISC",
      "dependencies": {
        "bcryptjs": "^2.4.3",
        "generate-password": "^1.6.1",
        "uuid-apikey": "^1.5.3"
      }
    },
    "node_modules/bcryptjs": {
      "version": "2.4.3",
      "resolved": "https://registry.npmjs.org/bcryptjs/-/bcryptjs-2.4.3.tgz",
      "integrity": "sha1-mrVie5PmBiH/fNrF2pczAn3x0Ms="
    },
    "node_modules/colors": {
      "version": "1.4.0",
      "resolved": "https://registry.npmjs.org/colors/-/colors-1.4.0.tgz",
      "integrity": "sha512-a+UqTh4kgZg/SlGvfbzDHpgRu7AAQOmmqRHJnxhRZICKFUT91brVhNNt58CMWU9PsBbv3PDCZUHbVxuDiH2mtA==",
      "engines": {
        "node": ">=0.1.90"
      }
    },
    "node_modules/commander": {
      "version": "8.1.0",
      "resolved": "https://registry.npmjs.org/commander/-/commander-8.1.0.tgz",
      "integrity": "sha512-mf45ldcuHSYShkplHHGKWb4TrmwQadxOn7v4WuhDJy0ZVoY5JFajaRDKD0PNe5qXzBX0rhovjTnP6Kz9LETcuA==",
      "engines": {
        "node": ">= 12"
      }
    },
    "node_modules/encode32": {
      "version": "1.1.0",
      "resolved": "https://registry.npmjs.org/encode32/-/encode32-1.1.0.tgz",
      "integrity": "sha1-DFS0X7MUrVUC48Iwy5Ws3F5c0d0=",
      "engines": {
        "node": ">= 0.4.7"
      }
    },
    "node_modules/generate-password": {
      "version": "1.6.1",
      "resolved": "https://registry.npmjs.org/generate-password/-/generate-password-1.6.1.tgz",
      "integrity": "sha512-JvtWSiN4KVmF6kBFi89Uz9LLN7l/EuGZYiKrIxddFlKcjSgc3D3va0Z5faooNwN85O0VBlt/ZtTdqhbQKhAOyw=="
    },
    "node_modules/uuid": {
      "version": "8.3.2",
      "resolved": "https://registry.npmjs.org/uuid/-/uuid-8.3.2.tgz",
      "integrity": "sha512-+NYs2QeMWy+GWFOEm9xnn6HCDp0l7QBD7ml8zLUmJ+93Q5NF0NocErnwkTkXVFNiX3/fpC6afS8Dhb/gz7R7eg==",
      "bin": {
        "uuid": "dist/bin/uuid"
      }
    },
    "node_modules/uuid-apikey": {
      "version": "1.5.3",
      "resolved": "https://registry.npmjs.org/uuid-apikey/-/uuid-apikey-1.5.3.tgz",
      "integrity": "sha512-v28vGJ1hRDzqLm6ufZ7b098Kmk159PInIHYWXfB47r3xOACZ5nRIAWe9VxFjvSW0MwckQYAnS1ucWUAXGKo95w==",
      "dependencies": {
        "colors": "^1.4.0",
        "commander": "^8.0.0",
        "encode32": "^1.1.0",
        "uuid": "^8.3.1"
      },
      "bin": {
        "apiKeyTool": "bin/apiKeyTool.js"
      }
    }
  },
  "dependencies": {
    "bcryptjs": {
      "version": "2.4.3",
      "resolved": "https://registry.npmjs.org/bcryptjs/-/bcryptjs-2.4.3.tgz",
      "integrity": "sha1-mrVie5PmBiH/fNrF2pczAn3x0Ms="
    },
    "colors": {
      "version": "1.4.0",
      "resolved": "https://registry.npmjs.org/colors/-/colors-1.4.0.tgz",
      "integrity": "sha512-a+UqTh4kgZg/SlGvfbzDHpgRu7AAQOmmqRHJnxhRZICKFUT91brVhNNt58CMWU9PsBbv3PDCZUHbVxuDiH2mtA=="
    },
    "commander": {
      "version": "8.1.0",
      "resolved": "https://registry.npmjs.org/commander/-/commander-8.1.0.tgz",
      "integrity": "sha512-mf45ldcuHSYShkplHHGKWb4TrmwQadxOn7v4WuhDJy0ZVoY5JFajaRDKD0PNe5qXzBX0rhovjTnP6Kz9LETcuA=="
    },
    "encode32": {
      "version": "1.1.0",
      "resolved": "https://registry.npmjs.org/encode32/-/encode32-1.1.0.tgz",
      "integrity": "sha1-DFS0X7MUrVUC48Iwy5Ws3F5c0d0="
    },
    "generate-password": {
      "version": "1.6.1",
      "resolved": "https://registry.npmjs.org/generate-password/-/generate-password-1.6.1.tgz",
      "integrity": "sha512-JvtWSiN4KVmF6kBFi89Uz9LLN7l/EuGZYiKrIxddFlKcjSgc3D3va0Z5faooNwN85O0VBlt/ZtTdqhbQKhAOyw=="
    },
    "uuid": {
      "version": "8.3.2",
      "resolved": "https://registry.npmjs.org/uuid/-/uuid-8.3.2.tgz",
      "integrity": "sha512-+NYs2QeMWy+GWFOEm9xnn6HCDp0l7QBD7ml8zLUmJ+93Q5NF0NocErnwkTkXVFNiX3/fpC6afS8Dhb/gz7R7eg=="
    },
    "uuid-apikey": {
      "version": "1.5.3",
      "resolved": "https://registry.npmjs.org/uuid-apikey/-/uuid-apikey-1.5.3.tgz",
      "integrity": "sha512-v28vGJ1hRDzqLm6ufZ7b098Kmk159PInIHYWXfB47r3xOACZ5nRIAWe9VxFjvSW0MwckQYAnS1ucWUAXGKo95w==",
      "requires": {
        "colors": "^1.4.0",
        "commander": "^8.0.0",
        "encode32": "^1.1.0",
        "uuid": "^8.3.1"
      }
    }
  }
}
